
Microsoft Visual Studio Solution File, Format Version 12.00
# Visual Studio 15
VisualStudioVersion = 15.0.27703.2042
MinimumVisualStudioVersion = 10.0.40219.1
Project("{FAE04EC0-301F-11D3-BF4B-00C04F79EFBC}") = "MarsRover", "MarsRover\MarsRover.csproj", "{3C6549CA-2FA5-4072-9D13-FF8319DD336C}"
EndProject
Project("{FAE04EC0-301F-11D3-BF4B-00C04F79EFBC}") = "RoverLibrary", "RoverLibrary\RoverLibrary.csproj", "{8F430CE7-31E1-4937-8260-525FABD694E8}"
EndProject
Global
	GlobalSection(SolutionConfigurationPlatforms) = preSolution
		Debug|Any CPU = Debug|Any CPU
		Release|Any CPU = Release|Any CPU
	EndGlobalSection
	GlobalSection(ProjectConfigurationPlatforms) = postSolution
		{3C6549CA-2FA5-4072-9D13-FF8319DD336C}.Debug|Any CPU.ActiveCfg = Debug|Any CPU
		{3C6549CA-2FA5-4072-9D13-FF8319DD336C}.Debug|Any CPU.Build.0 = Debug|Any CPU
		{3C6549CA-2FA5-4072-9D13-FF8319DD336C}.Release|Any CPU.ActiveCfg = Release|Any CPU
		{3C6549CA-2FA5-4072-9D13-FF8319DD336C}.Release|Any CPU.Build.0 = Release|Any CPU
		{8F430CE7-31E1-4937-8260-525FABD694E8}.Debug|Any CPU.ActiveCfg = Debug|Any CPU
		{8F430CE7-31E1-4937-8260-525FABD694E8}.Debug|Any CPU.Build.0 = Debug|Any CPU
		{8F430CE7-31E1-4937-8260-525FABD694E8}.Release|Any CPU.ActiveCfg = Release|Any CPU
		{8F430CE7-31E1-4937-8260-525FABD694E8}.Release|Any CPU.Build.0 = Release|Any CPU
	EndGlobalSection
	GlobalSection(SolutionProperties) = preSolution
		HideSolutionNode = FALSE
	EndGlobalSection
	GlobalSection(ExtensibilityGlobals) = postSolution
		SolutionGuid = {80E7D75F-3DD4-4172-AD4F-9380E56E4E4C}
	EndGlobalSection
EndGlobal
